{
  "meteor": {},
  "dependencies": {
    "basePackages": {
      "collectionFS": {},
      "canvas-image-manipulation": {},
      "meteor-SCEditor": {
        "git": "https://github.com/LearningWellWest/meteor-SCEditor-pkg.git",
        "branch": "master"
      },
      "roles": {},
      "jquery-ui": {},
      "toastjs": {},
      "cron": {},
      "accounts-ui-bootstrap-dropdown": {},
      "bootstrap-3": {},
      "jquery-ui-bootstrap": {}
    },
    "packages": {
      "collectionFS": {
        "git": "https://github.com/raix/Meteor-CollectionFS.git",
        "tag": "v0.3.6",
        "commit": "e28922685d07fc2bd17e23571eeb050cd85176f7"
      },
      "canvas-image-manipulation": {
        "git": "https://github.com/jackp/canvas-image-manipulation.git",
        "tag": "v0.1.0",
        "commit": "bd29971e84b1f37168bca4548f621df26845c978"
      },
      "meteor-SCEditor": {
        "git": "https://github.com/LearningWellWest/meteor-SCEditor-pkg.git",
        "branch": "master",
        "commit": "d0b339b0097059c9c3be59c4a8f7734eca7893af"
      },
      "roles": {
        "git": "https://github.com/alanning/meteor-roles.git",
        "tag": "v1.2.5",
        "commit": "aa9cec63c49e313ddb78a179c292f23d9f4ef906"
      },
      "jquery-ui": {
        "git": "https://github.com/TimHeckel/meteor-jquery-ui.git",
        "tag": "v1.9.2",
        "commit": "c437d45edcf1367df8d5ffa8bad2867758030bd2"
      },
      "toastjs": {
        "git": "https://github.com/srackham/toast.js.git",
        "tag": "v2.0.6",
        "commit": "a81915d9df2f432486ac6ce8d6981419119e7007"
      },
      "cron": {
        "git": "https://github.com/alexsuslov/Meteor.cron.git",
        "tag": "v0.0.1",
        "commit": "5216d14472fee7b692e8371aadc9f35f54ba9bb0"
      },
      "accounts-ui-bootstrap-dropdown": {
        "git": "https://github.com/erobit/meteor-accounts-ui-bootstrap-dropdown.git",
        "tag": "v0.6.5.1",
        "commit": "c8b29d2e7f8611d6dec9d6d23c1c2b94e000b0fb"
      },
      "bootstrap-3": {
        "git": "https://github.com/mangasocial/meteor-bootstrap-3.git",
        "tag": "v0.3.7",
        "commit": "5dd0d142c870647b910be80bc777b96f0dd45e5e"
      },
      "jquery-ui-bootstrap": {
        "git": "https://github.com/TimHeckel/meteor-jquery-ui-bootstrap.git",
        "tag": "v0.1.2",
        "commit": "fa742a85639307003e105898e15b631394b63509"
      },
      "cfs-public-folder": {
        "git": "https://github.com/nooitaf/meteor-cfs-public-folder.git",
        "tag": "v0.0.3",
        "commit": "581c716424b374efb6f611110002621f9cc9212b"
      }
    }
  }
}
