{
  "dependencies": {
    "fbgraph": {
      "version": "0.2.7",
      "resolved": "https://registry.npmjs.org/fbgraph/-/fbgraph-0.2.7.tgz",
      "from": "fbgraph@0.2.7",
      "dependencies": {
        "qs": {
          "version": "0.5.6",
          "resolved": "https://registry.npmjs.org/qs/-/qs-0.5.6.tgz",
          "from": "qs@0.5.6"
        },
        "request": {
          "version": "2.11.4",
          "resolved": "https://registry.npmjs.org/request/-/request-2.11.4.tgz",
          "from": "request@2.11.4",
          "dependencies": {
            "form-data": {
              "version": "0.0.3",
              "from": "form-data",
              "dependencies": {
                "async": {
                  "version": "0.1.9",
                  "from": "async@0.1.9"
                },
                "combined-stream": {
                  "version": "0.0.3",
                  "from": "combined-stream@0.0.3",
                  "dependencies": {
                    "delayed-stream": {
                      "version": "0.0.5",
                      "from": "delayed-stream@0.0.5"
                    }
                  }
                }
              }
            },
            "mime": {
              "version": "1.2.7",
              "from": "mime"
            }
          }
        }
      }
    }
  }
}
